
Microsoft Visual Studio Solution File, Format Version 12.00
# Visual Studio 15
VisualStudioVersion = 15.0.26730.16
MinimumVisualStudioVersion = 10.0.40219.1
Project("{8BC9CEB8-8B4A-11D0-8D11-00A0C91BC942}") = "IceDdangServer", "IceDdangServer.vcxproj", "{94D8CD2D-98A4-469F-8369-55EAF8435C6D}"
EndProject
Global
	GlobalSection(SolutionConfigurationPlatforms) = preSolution
		Debug|x64 = Debug|x64
		Debug|x86 = Debug|x86
		Release|x64 = Release|x64
		Release|x86 = Release|x86
	EndGlobalSection
	GlobalSection(ProjectConfigurationPlatforms) = postSolution
		{94D8CD2D-98A4-469F-8369-55EAF8435C6D}.Debug|x64.ActiveCfg = Debug|x64
		{94D8CD2D-98A4-469F-8369-55EAF8435C6D}.Debug|x64.Build.0 = Debug|x64
		{94D8CD2D-98A4-469F-8369-55EAF8435C6D}.Debug|x86.ActiveCfg = Debug|Win32
		{94D8CD2D-98A4-469F-8369-55EAF8435C6D}.Debug|x86.Build.0 = Debug|Win32
		{94D8CD2D-98A4-469F-8369-55EAF8435C6D}.Release|x64.ActiveCfg = Release|x64
		{94D8CD2D-98A4-469F-8369-55EAF8435C6D}.Release|x64.Build.0 = Release|x64
		{94D8CD2D-98A4-469F-8369-55EAF8435C6D}.Release|x86.ActiveCfg = Release|Win32
		{94D8CD2D-98A4-469F-8369-55EAF8435C6D}.Release|x86.Build.0 = Release|Win32
	EndGlobalSection
	GlobalSection(SolutionProperties) = preSolution
		HideSolutionNode = FALSE
	EndGlobalSection
	GlobalSection(ExtensibilityGlobals) = postSolution
		SolutionGuid = {ABAAB42C-6E24-4C7F-BA81-584FB26242BF}
	EndGlobalSection
EndGlobal
